
Microsoft Visual Studio Solution File, Format Version 12.00
# Visual Studio Version 17
VisualStudioVersion = 17.4.33205.214
MinimumVisualStudioVersion = 10.0.40219.1
Project("{F184B08F-C81C-45F6-A57F-5ABD9991F28F}") = "Nombre chaché", "Nombre chaché\Nombre chaché.vbproj", "{DD208A0C-2762-468F-BE7F-49C1E19C6987}"
EndProject
Global
	GlobalSection(SolutionConfigurationPlatforms) = preSolution
		Debug|Any CPU = Debug|Any CPU
		Release|Any CPU = Release|Any CPU
	EndGlobalSection
	GlobalSection(ProjectConfigurationPlatforms) = postSolution
		{DD208A0C-2762-468F-BE7F-49C1E19C6987}.Debug|Any CPU.ActiveCfg = Debug|Any CPU
		{DD208A0C-2762-468F-BE7F-49C1E19C6987}.Debug|Any CPU.Build.0 = Debug|Any CPU
		{DD208A0C-2762-468F-BE7F-49C1E19C6987}.Release|Any CPU.ActiveCfg = Release|Any CPU
		{DD208A0C-2762-468F-BE7F-49C1E19C6987}.Release|Any CPU.Build.0 = Release|Any CPU
	EndGlobalSection
	GlobalSection(SolutionProperties) = preSolution
		HideSolutionNode = FALSE
	EndGlobalSection
	GlobalSection(ExtensibilityGlobals) = postSolution
		SolutionGuid = {349A66B8-8B5B-451C-9542-3D4FC74584A9}
	EndGlobalSection
EndGlobal
